
Microsoft Visual Studio Solution File, Format Version 12.00
# Visual Studio 15
VisualStudioVersion = 15.0.28307.168
MinimumVisualStudioVersion = 10.0.40219.1
Project("{FAE04EC0-301F-11D3-BF4B-00C04F79EFBC}") = "CSharpNation", "CSharpNation\CSharpNation.csproj", "{A42FA7B8-1E11-4805-99E8-D55F6ED5A8A9}"
EndProject
Global
	GlobalSection(SolutionConfigurationPlatforms) = preSolution
		Debug|Any CPU = Debug|Any CPU
		Release|Any CPU = Release|Any CPU
	EndGlobalSection
	GlobalSection(ProjectConfigurationPlatforms) = postSolution
		{A42FA7B8-1E11-4805-99E8-D55F6ED5A8A9}.Debug|Any CPU.ActiveCfg = Debug|Any CPU
		{A42FA7B8-1E11-4805-99E8-D55F6ED5A8A9}.Debug|Any CPU.Build.0 = Debug|Any CPU
		{A42FA7B8-1E11-4805-99E8-D55F6ED5A8A9}.Release|Any CPU.ActiveCfg = Release|Any CPU
		{A42FA7B8-1E11-4805-99E8-D55F6ED5A8A9}.Release|Any CPU.Build.0 = Release|Any CPU
	EndGlobalSection
	GlobalSection(SolutionProperties) = preSolution
		HideSolutionNode = FALSE
	EndGlobalSection
	GlobalSection(ExtensibilityGlobals) = postSolution
		SolutionGuid = {C4A4C679-5159-4D72-8D9A-5EECEA434A01}
	EndGlobalSection
EndGlobal
